[root]
name = "example"
version = "0.1.0"
dependencies = [
 "ash 0.1.0",
 "glfw 0.9.1 (registry+https://github.com/rust-lang/crates.io-index)",
 "image 0.10.4 (registry+https://github.com/rust-lang/crates.io-index)",
]

[[package]]
name = "ash"
version = "0.1.0"
dependencies = [
 "shared_library 0.1.5 (registry+https://github.com/rust-lang/crates.io-index)",
 "sharedlib 6.0.0 (registry+https://github.com/rust-lang/crates.io-index)",
]

[[package]]
name = "backtrace"
version = "0.2.3"
source = "registry+https://github.com/rust-lang/crates.io-index"
dependencies = [
 "backtrace-sys 0.1.5 (registry+https://github.com/rust-lang/crates.io-index)",
 "cfg-if 0.1.0 (registry+https://github.com/rust-lang/crates.io-index)",
 "dbghelp-sys 0.2.0 (registry+https://github.com/rust-lang/crates.io-index)",
 "kernel32-sys 0.2.2 (registry+https://github.com/rust-lang/crates.io-index)",
 "libc 0.2.15 (registry+https://github.com/rust-lang/crates.io-index)",
 "rustc-demangle 0.1.3 (registry+https://github.com/rust-lang/crates.io-index)",
 "winapi 0.2.8 (registry+https://github.com/rust-lang/crates.io-index)",
]

[[package]]
name = "backtrace-sys"
version = "0.1.5"
source = "registry+https://github.com/rust-lang/crates.io-index"
dependencies = [
 "gcc 0.3.32 (registry+https://github.com/rust-lang/crates.io-index)",
 "libc 0.2.15 (registry+https://github.com/rust-lang/crates.io-index)",
]

[[package]]
name = "bitflags"
version = "0.7.0"
source = "registry+https://github.com/rust-lang/crates.io-index"

[[package]]
name = "byteorder"
version = "0.5.3"
source = "registry+https://github.com/rust-lang/crates.io-index"

[[package]]
name = "cfg-if"
version = "0.1.0"
source = "registry+https://github.com/rust-lang/crates.io-index"

[[package]]
name = "cmake"
version = "0.1.17"
source = "registry+https://github.com/rust-lang/crates.io-index"
dependencies = [
 "gcc 0.3.32 (registry+https://github.com/rust-lang/crates.io-index)",
]

[[package]]
name = "color_quant"
version = "1.0.0"
source = "registry+https://github.com/rust-lang/crates.io-index"

[[package]]
name = "dbghelp-sys"
version = "0.2.0"
source = "registry+https://github.com/rust-lang/crates.io-index"
dependencies = [
 "winapi 0.2.8 (registry+https://github.com/rust-lang/crates.io-index)",
 "winapi-build 0.1.1 (registry+https://github.com/rust-lang/crates.io-index)",
]

[[package]]
name = "deque"
version = "0.3.1"
source = "registry+https://github.com/rust-lang/crates.io-index"
dependencies = [
 "rand 0.3.14 (registry+https://github.com/rust-lang/crates.io-index)",
]

[[package]]
name = "enum_primitive"
version = "0.1.0"
source = "registry+https://github.com/rust-lang/crates.io-index"
dependencies = [
 "num 0.1.34 (registry+https://github.com/rust-lang/crates.io-index)",
]

[[package]]
name = "error-chain"
version = "0.5.0"
source = "registry+https://github.com/rust-lang/crates.io-index"
dependencies = [
 "backtrace 0.2.3 (registry+https://github.com/rust-lang/crates.io-index)",
]

[[package]]
name = "flate2"
version = "0.2.14"
source = "registry+https://github.com/rust-lang/crates.io-index"
dependencies = [
 "libc 0.2.15 (registry+https://github.com/rust-lang/crates.io-index)",
 "miniz-sys 0.1.7 (registry+https://github.com/rust-lang/crates.io-index)",
]

[[package]]
name = "gcc"
version = "0.3.32"
source = "registry+https://github.com/rust-lang/crates.io-index"

[[package]]
name = "gif"
version = "0.9.0"
source = "registry+https://github.com/rust-lang/crates.io-index"
dependencies = [
 "color_quant 1.0.0 (registry+https://github.com/rust-lang/crates.io-index)",
 "lzw 0.10.0 (registry+https://github.com/rust-lang/crates.io-index)",
]

[[package]]
name = "glfw"
version = "0.9.1"
source = "registry+https://github.com/rust-lang/crates.io-index"
dependencies = [
 "bitflags 0.7.0 (registry+https://github.com/rust-lang/crates.io-index)",
 "enum_primitive 0.1.0 (registry+https://github.com/rust-lang/crates.io-index)",
 "glfw-sys 3.2.0 (registry+https://github.com/rust-lang/crates.io-index)",
 "libc 0.2.15 (registry+https://github.com/rust-lang/crates.io-index)",
 "log 0.3.6 (registry+https://github.com/rust-lang/crates.io-index)",
 "num 0.1.34 (registry+https://github.com/rust-lang/crates.io-index)",
 "semver 0.2.3 (registry+https://github.com/rust-lang/crates.io-index)",
]

[[package]]
name = "glfw-sys"
version = "3.2.0"
source = "registry+https://github.com/rust-lang/crates.io-index"
dependencies = [
 "cmake 0.1.17 (registry+https://github.com/rust-lang/crates.io-index)",
]

[[package]]
name = "glob"
version = "0.2.11"
source = "registry+https://github.com/rust-lang/crates.io-index"

[[package]]
name = "image"
version = "0.10.4"
source = "registry+https://github.com/rust-lang/crates.io-index"
dependencies = [
 "byteorder 0.5.3 (registry+https://github.com/rust-lang/crates.io-index)",
 "enum_primitive 0.1.0 (registry+https://github.com/rust-lang/crates.io-index)",
 "gif 0.9.0 (registry+https://github.com/rust-lang/crates.io-index)",
 "glob 0.2.11 (registry+https://github.com/rust-lang/crates.io-index)",
 "jpeg-decoder 0.1.7 (registry+https://github.com/rust-lang/crates.io-index)",
 "num-iter 0.1.32 (registry+https://github.com/rust-lang/crates.io-index)",
 "num-rational 0.1.32 (registry+https://github.com/rust-lang/crates.io-index)",
 "num-traits 0.1.34 (registry+https://github.com/rust-lang/crates.io-index)",
 "png 0.5.2 (registry+https://github.com/rust-lang/crates.io-index)",
 "scoped_threadpool 0.1.7 (registry+https://github.com/rust-lang/crates.io-index)",
]

[[package]]
name = "inflate"
version = "0.1.1"
source = "registry+https://github.com/rust-lang/crates.io-index"

[[package]]
name = "jpeg-decoder"
version = "0.1.7"
source = "registry+https://github.com/rust-lang/crates.io-index"
dependencies = [
 "byteorder 0.5.3 (registry+https://github.com/rust-lang/crates.io-index)",
 "rayon 0.4.2 (registry+https://github.com/rust-lang/crates.io-index)",
]

[[package]]
name = "kernel32-sys"
version = "0.2.2"
source = "registry+https://github.com/rust-lang/crates.io-index"
dependencies = [
 "winapi 0.2.8 (registry+https://github.com/rust-lang/crates.io-index)",
 "winapi-build 0.1.1 (registry+https://github.com/rust-lang/crates.io-index)",
]

[[package]]
name = "lazy_static"
version = "0.2.1"
source = "registry+https://github.com/rust-lang/crates.io-index"

[[package]]
name = "libc"
version = "0.2.15"
source = "registry+https://github.com/rust-lang/crates.io-index"

[[package]]
name = "log"
version = "0.3.6"
source = "registry+https://github.com/rust-lang/crates.io-index"

[[package]]
name = "lzw"
version = "0.10.0"
source = "registry+https://github.com/rust-lang/crates.io-index"

[[package]]
name = "miniz-sys"
version = "0.1.7"
source = "registry+https://github.com/rust-lang/crates.io-index"
dependencies = [
 "gcc 0.3.32 (registry+https://github.com/rust-lang/crates.io-index)",
 "libc 0.2.15 (registry+https://github.com/rust-lang/crates.io-index)",
]

[[package]]
name = "nom"
version = "1.2.4"
source = "registry+https://github.com/rust-lang/crates.io-index"

[[package]]
name = "num"
version = "0.1.34"
source = "registry+https://github.com/rust-lang/crates.io-index"
dependencies = [
 "num-bigint 0.1.33 (registry+https://github.com/rust-lang/crates.io-index)",
 "num-complex 0.1.33 (registry+https://github.com/rust-lang/crates.io-index)",
 "num-integer 0.1.32 (registry+https://github.com/rust-lang/crates.io-index)",
 "num-iter 0.1.32 (registry+https://github.com/rust-lang/crates.io-index)",
 "num-rational 0.1.32 (registry+https://github.com/rust-lang/crates.io-index)",
 "num-traits 0.1.34 (registry+https://github.com/rust-lang/crates.io-index)",
]

[[package]]
name = "num-bigint"
version = "0.1.33"
source = "registry+https://github.com/rust-lang/crates.io-index"
dependencies = [
 "num-integer 0.1.32 (registry+https://github.com/rust-lang/crates.io-index)",
 "num-traits 0.1.34 (registry+https://github.com/rust-lang/crates.io-index)",
 "rand 0.3.14 (registry+https://github.com/rust-lang/crates.io-index)",
 "rustc-serialize 0.3.19 (registry+https://github.com/rust-lang/crates.io-index)",
]

[[package]]
name = "num-complex"
version = "0.1.33"
source = "registry+https://github.com/rust-lang/crates.io-index"
dependencies = [
 "num-traits 0.1.34 (registry+https://github.com/rust-lang/crates.io-index)",
 "rustc-serialize 0.3.19 (registry+https://github.com/rust-lang/crates.io-index)",
]

[[package]]
name = "num-integer"
version = "0.1.32"
source = "registry+https://github.com/rust-lang/crates.io-index"
dependencies = [
 "num-traits 0.1.34 (registry+https://github.com/rust-lang/crates.io-index)",
]

[[package]]
name = "num-iter"
version = "0.1.32"
source = "registry+https://github.com/rust-lang/crates.io-index"
dependencies = [
 "num-integer 0.1.32 (registry+https://github.com/rust-lang/crates.io-index)",
 "num-traits 0.1.34 (registry+https://github.com/rust-lang/crates.io-index)",
]

[[package]]
name = "num-rational"
version = "0.1.32"
source = "registry+https://github.com/rust-lang/crates.io-index"
dependencies = [
 "num-bigint 0.1.33 (registry+https://github.com/rust-lang/crates.io-index)",
 "num-integer 0.1.32 (registry+https://github.com/rust-lang/crates.io-index)",
 "num-traits 0.1.34 (registry+https://github.com/rust-lang/crates.io-index)",
 "rustc-serialize 0.3.19 (registry+https://github.com/rust-lang/crates.io-index)",
]

[[package]]
name = "num-traits"
version = "0.1.34"
source = "registry+https://github.com/rust-lang/crates.io-index"

[[package]]
name = "num_cpus"
version = "0.2.13"
source = "registry+https://github.com/rust-lang/crates.io-index"
dependencies = [
 "libc 0.2.15 (registry+https://github.com/rust-lang/crates.io-index)",
]

[[package]]
name = "png"
version = "0.5.2"
source = "registry+https://github.com/rust-lang/crates.io-index"
dependencies = [
 "bitflags 0.7.0 (registry+https://github.com/rust-lang/crates.io-index)",
 "flate2 0.2.14 (registry+https://github.com/rust-lang/crates.io-index)",
 "inflate 0.1.1 (registry+https://github.com/rust-lang/crates.io-index)",
 "num-iter 0.1.32 (registry+https://github.com/rust-lang/crates.io-index)",
]

[[package]]
name = "rand"
version = "0.3.14"
source = "registry+https://github.com/rust-lang/crates.io-index"
dependencies = [
 "libc 0.2.15 (registry+https://github.com/rust-lang/crates.io-index)",
]

[[package]]
name = "rayon"
version = "0.4.2"
source = "registry+https://github.com/rust-lang/crates.io-index"
dependencies = [
 "deque 0.3.1 (registry+https://github.com/rust-lang/crates.io-index)",
 "num_cpus 0.2.13 (registry+https://github.com/rust-lang/crates.io-index)",
 "rand 0.3.14 (registry+https://github.com/rust-lang/crates.io-index)",
]

[[package]]
name = "rustc-demangle"
version = "0.1.3"
source = "registry+https://github.com/rust-lang/crates.io-index"

[[package]]
name = "rustc-serialize"
version = "0.3.19"
source = "registry+https://github.com/rust-lang/crates.io-index"

[[package]]
name = "scoped_threadpool"
version = "0.1.7"
source = "registry+https://github.com/rust-lang/crates.io-index"

[[package]]
name = "semver"
version = "0.2.3"
source = "registry+https://github.com/rust-lang/crates.io-index"
dependencies = [
 "nom 1.2.4 (registry+https://github.com/rust-lang/crates.io-index)",
]

[[package]]
name = "shared_library"
version = "0.1.5"
source = "registry+https://github.com/rust-lang/crates.io-index"
dependencies = [
 "lazy_static 0.2.1 (registry+https://github.com/rust-lang/crates.io-index)",
 "libc 0.2.15 (registry+https://github.com/rust-lang/crates.io-index)",
]

[[package]]
name = "sharedlib"
version = "6.0.0"
source = "registry+https://github.com/rust-lang/crates.io-index"
dependencies = [
 "error-chain 0.5.0 (registry+https://github.com/rust-lang/crates.io-index)",
 "kernel32-sys 0.2.2 (registry+https://github.com/rust-lang/crates.io-index)",
 "lazy_static 0.2.1 (registry+https://github.com/rust-lang/crates.io-index)",
 "winapi 0.2.8 (registry+https://github.com/rust-lang/crates.io-index)",
]

[[package]]
name = "winapi"
version = "0.2.8"
source = "registry+https://github.com/rust-lang/crates.io-index"

[[package]]
name = "winapi-build"
version = "0.1.1"
source = "registry+https://github.com/rust-lang/crates.io-index"

[metadata]
"checksum backtrace 0.2.3 (registry+https://github.com/rust-lang/crates.io-index)" = "346d7644f0b5f9bc73082d3b2236b69a05fd35cce0cfa3724e184e6a5c9e2a2f"
"checksum backtrace-sys 0.1.5 (registry+https://github.com/rust-lang/crates.io-index)" = "3602e8d8c43336088a8505fa55cae2b3884a9be29440863a11528a42f46f6bb7"
"checksum bitflags 0.7.0 (registry+https://github.com/rust-lang/crates.io-index)" = "aad18937a628ec6abcd26d1489012cc0e18c21798210f491af69ded9b881106d"
"checksum byteorder 0.5.3 (registry+https://github.com/rust-lang/crates.io-index)" = "0fc10e8cc6b2580fda3f36eb6dc5316657f812a3df879a44a66fc9f0fdbc4855"
"checksum cfg-if 0.1.0 (registry+https://github.com/rust-lang/crates.io-index)" = "de1e760d7b6535af4241fca8bd8adf68e2e7edacc6b29f5d399050c5e48cf88c"
"checksum cmake 0.1.17 (registry+https://github.com/rust-lang/crates.io-index)" = "dfcf5bcece56ef953b8ea042509e9dcbdfe97820b7e20d86beb53df30ed94978"
"checksum color_quant 1.0.0 (registry+https://github.com/rust-lang/crates.io-index)" = "a475fc4af42d83d28adf72968d9bcfaf035a1a9381642d8e85d8a04957767b0d"
"checksum dbghelp-sys 0.2.0 (registry+https://github.com/rust-lang/crates.io-index)" = "97590ba53bcb8ac28279161ca943a924d1fd4a8fb3fa63302591647c4fc5b850"
"checksum deque 0.3.1 (registry+https://github.com/rust-lang/crates.io-index)" = "1614659040e711785ed8ea24219140654da1729f3ec8a47a9719d041112fe7bf"
"checksum enum_primitive 0.1.0 (registry+https://github.com/rust-lang/crates.io-index)" = "f79eff5be92a4d7d5bddf7daa7d650717ea71628634efe6ca7bcda85b2183c23"
"checksum error-chain 0.5.0 (registry+https://github.com/rust-lang/crates.io-index)" = "bd5c82c815138e278b8dcdeffc49f27ea6ffb528403e9dea4194f2e3dd40b143"
"checksum flate2 0.2.14 (registry+https://github.com/rust-lang/crates.io-index)" = "3eeb481e957304178d2e782f2da1257f1434dfecbae883bafb61ada2a9fea3bb"
"checksum gcc 0.3.32 (registry+https://github.com/rust-lang/crates.io-index)" = "dcb000abd6df9df4c637f75190297ebe56c1d7e66b56bbf3b4aa7aece15f61a2"
"checksum gif 0.9.0 (registry+https://github.com/rust-lang/crates.io-index)" = "01c7c19a035de94bd7afbaa62c241aadfbdf1a70f560b348d2312eafa566ca16"
"checksum glfw 0.9.1 (registry+https://github.com/rust-lang/crates.io-index)" = "b14e68c4ccefdf293ecb65390a5761971b83fcfc54d153a5b73d438327633965"
"checksum glfw-sys 3.2.0 (registry+https://github.com/rust-lang/crates.io-index)" = "eaff144079cb22d6f17009e29e87c02f5fd6c4669093ce12b0b2faa6027f0d23"
"checksum glob 0.2.11 (registry+https://github.com/rust-lang/crates.io-index)" = "8be18de09a56b60ed0edf84bc9df007e30040691af7acd1c41874faac5895bfb"
"checksum image 0.10.4 (registry+https://github.com/rust-lang/crates.io-index)" = "76df2dce95fef56fd35dbc41c36e37b19aede703c6be7739e8b65d5788ffc728"
"checksum inflate 0.1.1 (registry+https://github.com/rust-lang/crates.io-index)" = "e7e0062d2dc2f17d2f13750d95316ae8a2ff909af0fda957084f5defd87c43bb"
"checksum jpeg-decoder 0.1.7 (registry+https://github.com/rust-lang/crates.io-index)" = "f1a2c12387f1adb21a9a2a096b5bc5f424a21729ea8e535fdf58681d396b6bbe"
"checksum kernel32-sys 0.2.2 (registry+https://github.com/rust-lang/crates.io-index)" = "7507624b29483431c0ba2d82aece8ca6cdba9382bff4ddd0f7490560c056098d"
"checksum lazy_static 0.2.1 (registry+https://github.com/rust-lang/crates.io-index)" = "49247ec2a285bb3dcb23cbd9c35193c025e7251bfce77c1d5da97e6362dffe7f"
"checksum libc 0.2.15 (registry+https://github.com/rust-lang/crates.io-index)" = "23e3757828fa702a20072c37ff47938e9dd331b92fac6e223d26d4b7a55f7ee2"
"checksum log 0.3.6 (registry+https://github.com/rust-lang/crates.io-index)" = "ab83497bf8bf4ed2a74259c1c802351fcd67a65baa86394b6ba73c36f4838054"
"checksum lzw 0.10.0 (registry+https://github.com/rust-lang/crates.io-index)" = "7d947cbb889ed21c2a84be6ffbaebf5b4e0f4340638cba0444907e38b56be084"
"checksum miniz-sys 0.1.7 (registry+https://github.com/rust-lang/crates.io-index)" = "9d1f4d337a01c32e1f2122510fed46393d53ca35a7f429cb0450abaedfa3ed54"
"checksum nom 1.2.4 (registry+https://github.com/rust-lang/crates.io-index)" = "a5b8c256fd9471521bcb84c3cdba98921497f1a331cbc15b8030fc63b82050ce"
"checksum num 0.1.34 (registry+https://github.com/rust-lang/crates.io-index)" = "d2ee34a0338c16ae67afb55824aaf8852700eb0f77ccd977807ccb7606b295f6"
"checksum num-bigint 0.1.33 (registry+https://github.com/rust-lang/crates.io-index)" = "fbc450723a2fe91d332a29edd8660e099b937d29e1a3ebe914e0da3f77ac1ad3"
"checksum num-complex 0.1.33 (registry+https://github.com/rust-lang/crates.io-index)" = "8aabbc079e1855ce8415141fee0ebebf171f56505373b3a966e2716ad7c0e555"
"checksum num-integer 0.1.32 (registry+https://github.com/rust-lang/crates.io-index)" = "fb24d9bfb3f222010df27995441ded1e954f8f69cd35021f6bef02ca9552fb92"
"checksum num-iter 0.1.32 (registry+https://github.com/rust-lang/crates.io-index)" = "287a1c9969a847055e1122ec0ea7a5c5d6f72aad97934e131c83d5c08ab4e45c"
"checksum num-rational 0.1.32 (registry+https://github.com/rust-lang/crates.io-index)" = "48cdcc9ff4ae2a8296805ac15af88b3d88ce62128ded0cb74ffb63a587502a84"
"checksum num-traits 0.1.34 (registry+https://github.com/rust-lang/crates.io-index)" = "95e58eac34596aac30ab134c8a8da9aa2dc99caa4b4b4838e6fc6e298016278f"
"checksum num_cpus 0.2.13 (registry+https://github.com/rust-lang/crates.io-index)" = "cee7e88156f3f9e19bdd598f8d6c9db7bf4078f99f8381f43a55b09648d1a6e3"
"checksum png 0.5.2 (registry+https://github.com/rust-lang/crates.io-index)" = "06208e2ee243e3118a55dda9318f821f206d8563fb8d4df258767f8e62bb0997"
"checksum rand 0.3.14 (registry+https://github.com/rust-lang/crates.io-index)" = "2791d88c6defac799c3f20d74f094ca33b9332612d9aef9078519c82e4fe04a5"
"checksum rayon 0.4.2 (registry+https://github.com/rust-lang/crates.io-index)" = "655df67c314c30fa3055a365eae276eb88aa4f3413a352a1ab32c1320eda41ea"
"checksum rustc-demangle 0.1.3 (registry+https://github.com/rust-lang/crates.io-index)" = "1430d286cadb237c17c885e25447c982c97113926bb579f4379c0eca8d9586dc"
"checksum rustc-serialize 0.3.19 (registry+https://github.com/rust-lang/crates.io-index)" = "6159e4e6e559c81bd706afe9c8fd68f547d3e851ce12e76b1de7914bab61691b"
"checksum scoped_threadpool 0.1.7 (registry+https://github.com/rust-lang/crates.io-index)" = "3ef399c8893e8cb7aa9696e895427fab3a6bf265977bb96e126f24ddd2cda85a"
"checksum semver 0.2.3 (registry+https://github.com/rust-lang/crates.io-index)" = "2d5b7638a1f03815d94e88cb3b3c08e87f0db4d683ef499d1836aaf70a45623f"
"checksum shared_library 0.1.5 (registry+https://github.com/rust-lang/crates.io-index)" = "fb04126b6fcfd2710fb5b6d18f4207b6c535f2850a7e1a43bcd526d44f30a79a"
"checksum sharedlib 6.0.0 (registry+https://github.com/rust-lang/crates.io-index)" = "5182b4b49a0ff319bc69d23ca9e9f8e40dfb3b88abb895805a54e69325a092c7"
"checksum winapi 0.2.8 (registry+https://github.com/rust-lang/crates.io-index)" = "167dc9d6949a9b857f3451275e911c3f44255842c1f7a76f33c55103a909087a"
"checksum winapi-build 0.1.1 (registry+https://github.com/rust-lang/crates.io-index)" = "2d315eee3b34aca4797b2da6b13ed88266e6d612562a0c46390af8299fc699bc"
